# This file is automatically @generated by Cargo.
# It is not intended for manual editing.
version = 4

[[package]]
name = "forge-cli"
version = "0.1.0"
dependencies = [
 "forge-engine",
]

[[package]]
name = "forge-core"
version = "0.1.0"

[[package]]
name = "forge-engine"
version = "0.1.0"
dependencies = [
 "forge-core",
]
